
Microsoft Visual Studio Solution File, Format Version 12.00
# Visual Studio 2012
Project("{FAE04EC0-301F-11D3-BF4B-00C04F79EFBC}") = "Theseus", "theseus\Theseus.csproj", "{7029BF2A-77E4-4EAB-BC58-B723C0BA1109}"
EndProject
Project("{FAE04EC0-301F-11D3-BF4B-00C04F79EFBC}") = "TheseusTest", "theseusTest\TheseusTest.csproj", "{1112B795-629A-4931-9873-D963A858D116}"
EndProject
Global
	GlobalSection(SolutionConfigurationPlatforms) = preSolution
		Debug|Any CPU = Debug|Any CPU
		Release|Any CPU = Release|Any CPU
	EndGlobalSection
	GlobalSection(ProjectConfigurationPlatforms) = postSolution
		{7029BF2A-77E4-4EAB-BC58-B723C0BA1109}.Debug|Any CPU.ActiveCfg = Debug|Any CPU
		{7029BF2A-77E4-4EAB-BC58-B723C0BA1109}.Debug|Any CPU.Build.0 = Debug|Any CPU
		{7029BF2A-77E4-4EAB-BC58-B723C0BA1109}.Release|Any CPU.ActiveCfg = Release|Any CPU
		{7029BF2A-77E4-4EAB-BC58-B723C0BA1109}.Release|Any CPU.Build.0 = Release|Any CPU
		{1112B795-629A-4931-9873-D963A858D116}.Debug|Any CPU.ActiveCfg = Debug|Any CPU
		{1112B795-629A-4931-9873-D963A858D116}.Debug|Any CPU.Build.0 = Debug|Any CPU
		{1112B795-629A-4931-9873-D963A858D116}.Release|Any CPU.ActiveCfg = Release|Any CPU
		{1112B795-629A-4931-9873-D963A858D116}.Release|Any CPU.Build.0 = Release|Any CPU
	EndGlobalSection
	GlobalSection(SolutionProperties) = preSolution
		HideSolutionNode = FALSE
	EndGlobalSection
EndGlobal
